{
  "name": "conmigo",
  "version": "1.0.0",
  "lockfileVersion": 3,
  "requires": true,
  "packages": {
    "": {
      "name": "conmigo",
      "version": "1.0.0",
      "license": "ISC",
      "dependencies": {
        "@openzeppelin/contracts": "^4.9.3"
      },
      "devDependencies": {
        "soljs": "^6.0.0"
      }
    },
    "node_modules/@openzeppelin/contracts": {
      "version": "4.9.3",
      "resolved": "https://registry.npmjs.org/@openzeppelin/contracts/-/contracts-4.9.3.tgz",
      "integrity": "sha512-He3LieZ1pP2TNt5JbkPA4PNT9WC3gOTOlDcFGJW4Le4QKqwmiNJCRt44APfxMxvq7OugU/cqYuPcSBzOw38DAg=="
    },
    "node_modules/soljs": {
      "version": "6.0.0",
      "resolved": "https://registry.npmjs.org/soljs/-/soljs-6.0.0.tgz",
      "integrity": "sha512-dFqizzKRrSk7Ae+3DFaHtcQwnnbgxwEWoThb7gHY8kbi+trCEXsk2wDyomXMPfAhiPV8usplwptFVahMuRytOQ==",
      "dev": true
    }
  }
}
